
Microsoft Visual Studio Solution File, Format Version 12.00
# Visual Studio Version 17
VisualStudioVersion = 17.11.35303.130
MinimumVisualStudioVersion = 10.0.40219.1
Project("{FAE04EC0-301F-11D3-BF4B-00C04F79EFBC}") = "prueba1", "prueba1\prueba1.csproj", "{C52F1E0F-583F-4256-B08F-7405BA8FDF4B}"
EndProject
Global
	GlobalSection(SolutionConfigurationPlatforms) = preSolution
		Debug|Any CPU = Debug|Any CPU
		Release|Any CPU = Release|Any CPU
	EndGlobalSection
	GlobalSection(ProjectConfigurationPlatforms) = postSolution
		{C52F1E0F-583F-4256-B08F-7405BA8FDF4B}.Debug|Any CPU.ActiveCfg = Debug|Any CPU
		{C52F1E0F-583F-4256-B08F-7405BA8FDF4B}.Debug|Any CPU.Build.0 = Debug|Any CPU
		{C52F1E0F-583F-4256-B08F-7405BA8FDF4B}.Release|Any CPU.ActiveCfg = Release|Any CPU
		{C52F1E0F-583F-4256-B08F-7405BA8FDF4B}.Release|Any CPU.Build.0 = Release|Any CPU
	EndGlobalSection
	GlobalSection(SolutionProperties) = preSolution
		HideSolutionNode = FALSE
	EndGlobalSection
	GlobalSection(ExtensibilityGlobals) = postSolution
		SolutionGuid = {05A487D0-8764-4CDB-82A9-B09E45C4D91B}
	EndGlobalSection
EndGlobal
